
Microsoft Visual Studio Solution File, Format Version 12.00
# Visual Studio 15
VisualStudioVersion = 15.0.27703.2047
MinimumVisualStudioVersion = 10.0.40219.1
Project("{FAE04EC0-301F-11D3-BF4B-00C04F79EFBC}") = "Jbuisson.NpcMaker.Api", "src\Jbuisson.NpcMaker.Api\Jbuisson.NpcMaker.Api.csproj", "{1D307E32-34F2-4F4B-AF1E-B83603A49F33}"
EndProject
Project("{FAE04EC0-301F-11D3-BF4B-00C04F79EFBC}") = "Jbuisson.NpcMaker.Data", "src\Jbuisson.NpcMaker.Data\Jbuisson.NpcMaker.Data.csproj", "{CDC71F3B-F9D3-4F84-8AAE-17C09D49C610}"
EndProject
Project("{FAE04EC0-301F-11D3-BF4B-00C04F79EFBC}") = "Jbuisson.NpcMaker.Data.EntityFramework", "src\Jbuisson.NpcMaker.Data.EntityFramework\Jbuisson.NpcMaker.Data.EntityFramework.csproj", "{9D25C216-ABF2-4126-80A1-03A12106CA4A}"
EndProject
Project("{FAE04EC0-301F-11D3-BF4B-00C04F79EFBC}") = "Jbuisson.NpcMaker.Data.EntityFramework.InMemory", "src\Jbuisson.NpcMaker.Data.EntityFramework.InMemory\Jbuisson.NpcMaker.Data.EntityFramework.InMemory.csproj", "{74AAD2BB-F81B-4B2E-8765-072BCBB4CB77}"
EndProject
Project("{E24C65DC-7377-472B-9ABA-BC803B73C61A}") = "Jbuisson.NpcMaker.Angular", "src\Jbuisson.NpcMaker.Angular\", "{DF942876-7ECD-428D-A4C5-A2F0E44EFE53}"
	ProjectSection(WebsiteProperties) = preProject
		TargetFrameworkMoniker = ".NETFramework,Version%3Dv4.0"
		Debug.AspNetCompiler.VirtualPath = "/localhost_52423"
		Debug.AspNetCompiler.PhysicalPath = "src\Jbuisson.NpcMaker.Angular\"
		Debug.AspNetCompiler.TargetPath = "PrecompiledWeb\localhost_52423\"
		Debug.AspNetCompiler.Updateable = "true"
		Debug.AspNetCompiler.ForceOverwrite = "true"
		Debug.AspNetCompiler.FixedNames = "false"
		Debug.AspNetCompiler.Debug = "True"
		Release.AspNetCompiler.VirtualPath = "/localhost_52423"
		Release.AspNetCompiler.PhysicalPath = "src\Jbuisson.NpcMaker.Angular\"
		Release.AspNetCompiler.TargetPath = "PrecompiledWeb\localhost_52423\"
		Release.AspNetCompiler.Updateable = "true"
		Release.AspNetCompiler.ForceOverwrite = "true"
		Release.AspNetCompiler.FixedNames = "false"
		Release.AspNetCompiler.Debug = "False"
		VWDPort = "52423"
		SlnRelativePath = "src\Jbuisson.NpcMaker.Angular\"
	EndProjectSection
EndProject
Global
	GlobalSection(SolutionConfigurationPlatforms) = preSolution
		Debug|Any CPU = Debug|Any CPU
		Release|Any CPU = Release|Any CPU
	EndGlobalSection
	GlobalSection(ProjectConfigurationPlatforms) = postSolution
		{1D307E32-34F2-4F4B-AF1E-B83603A49F33}.Debug|Any CPU.ActiveCfg = Debug|Any CPU
		{1D307E32-34F2-4F4B-AF1E-B83603A49F33}.Debug|Any CPU.Build.0 = Debug|Any CPU
		{1D307E32-34F2-4F4B-AF1E-B83603A49F33}.Release|Any CPU.ActiveCfg = Release|Any CPU
		{1D307E32-34F2-4F4B-AF1E-B83603A49F33}.Release|Any CPU.Build.0 = Release|Any CPU
		{CDC71F3B-F9D3-4F84-8AAE-17C09D49C610}.Debug|Any CPU.ActiveCfg = Debug|Any CPU
		{CDC71F3B-F9D3-4F84-8AAE-17C09D49C610}.Debug|Any CPU.Build.0 = Debug|Any CPU
		{CDC71F3B-F9D3-4F84-8AAE-17C09D49C610}.Release|Any CPU.ActiveCfg = Release|Any CPU
		{CDC71F3B-F9D3-4F84-8AAE-17C09D49C610}.Release|Any CPU.Build.0 = Release|Any CPU
		{9D25C216-ABF2-4126-80A1-03A12106CA4A}.Debug|Any CPU.ActiveCfg = Debug|Any CPU
		{9D25C216-ABF2-4126-80A1-03A12106CA4A}.Debug|Any CPU.Build.0 = Debug|Any CPU
		{9D25C216-ABF2-4126-80A1-03A12106CA4A}.Release|Any CPU.ActiveCfg = Release|Any CPU
		{9D25C216-ABF2-4126-80A1-03A12106CA4A}.Release|Any CPU.Build.0 = Release|Any CPU
		{74AAD2BB-F81B-4B2E-8765-072BCBB4CB77}.Debug|Any CPU.ActiveCfg = Debug|Any CPU
		{74AAD2BB-F81B-4B2E-8765-072BCBB4CB77}.Debug|Any CPU.Build.0 = Debug|Any CPU
		{74AAD2BB-F81B-4B2E-8765-072BCBB4CB77}.Release|Any CPU.ActiveCfg = Release|Any CPU
		{74AAD2BB-F81B-4B2E-8765-072BCBB4CB77}.Release|Any CPU.Build.0 = Release|Any CPU
		{DF942876-7ECD-428D-A4C5-A2F0E44EFE53}.Debug|Any CPU.ActiveCfg = Debug|Any CPU
		{DF942876-7ECD-428D-A4C5-A2F0E44EFE53}.Debug|Any CPU.Build.0 = Debug|Any CPU
		{DF942876-7ECD-428D-A4C5-A2F0E44EFE53}.Release|Any CPU.ActiveCfg = Debug|Any CPU
		{DF942876-7ECD-428D-A4C5-A2F0E44EFE53}.Release|Any CPU.Build.0 = Debug|Any CPU
	EndGlobalSection
	GlobalSection(SolutionProperties) = preSolution
		HideSolutionNode = FALSE
	EndGlobalSection
	GlobalSection(ExtensibilityGlobals) = postSolution
		SolutionGuid = {0CA5DE39-A84C-4F01-B0A0-B4611DEE9EA6}
	EndGlobalSection
EndGlobal
